Microsoft Visual Studio Solution File, Format Version 11.00
# Visual Studio 2010
Project("{F184B08F-C81C-45F6-A57F-5ABD9991F28F}") = "MeffedNavigationService", "MeffedNavigationService\MeffedNavigationService.vbproj", "{759B2687-7115-464E-AB10-E0CD4E7991FD}"
EndProject
Project("{F184B08F-C81C-45F6-A57F-5ABD9991F28F}") = "MeffedNavigationService.Infrastructure", "MeffedNavigationService.Infrastructure\MeffedNavigationService.Infrastructure.vbproj", "{48FC9BAF-CEB6-4271-A428-7A2458C7B609}"
EndProject
Project("{F184B08F-C81C-45F6-A57F-5ABD9991F28F}") = "MeffedNavigationService.ModuleGeneral", "MeffedNavigationService.ModuleA\MeffedNavigationService.ModuleGeneral.vbproj", "{1E27C83F-3335-47A4-80B7-AD2FF5966C1F}"
EndProject
Project("{F184B08F-C81C-45F6-A57F-5ABD9991F28F}") = "MeffedNavigationService.ModuleOpportunities", "MeffedNavigationService.ModuleB\MeffedNavigationService.ModuleOpportunities.vbproj", "{AC887B33-BA10-46AB-A2ED-3FB63DDCC30D}"
EndProject
Global
	GlobalSection(SolutionConfigurationPlatforms) = preSolution
		Debug|Any CPU = Debug|Any CPU
		Release|Any CPU = Release|Any CPU
	EndGlobalSection
	GlobalSection(ProjectConfigurationPlatforms) = postSolution
		{759B2687-7115-464E-AB10-E0CD4E7991FD}.Debug|Any CPU.ActiveCfg = Debug|Any CPU
		{759B2687-7115-464E-AB10-E0CD4E7991FD}.Debug|Any CPU.Build.0 = Debug|Any CPU
		{759B2687-7115-464E-AB10-E0CD4E7991FD}.Release|Any CPU.ActiveCfg = Release|Any CPU
		{759B2687-7115-464E-AB10-E0CD4E7991FD}.Release|Any CPU.Build.0 = Release|Any CPU
		{48FC9BAF-CEB6-4271-A428-7A2458C7B609}.Debug|Any CPU.ActiveCfg = Debug|Any CPU
		{48FC9BAF-CEB6-4271-A428-7A2458C7B609}.Debug|Any CPU.Build.0 = Debug|Any CPU
		{48FC9BAF-CEB6-4271-A428-7A2458C7B609}.Release|Any CPU.ActiveCfg = Release|Any CPU
		{48FC9BAF-CEB6-4271-A428-7A2458C7B609}.Release|Any CPU.Build.0 = Release|Any CPU
		{1E27C83F-3335-47A4-80B7-AD2FF5966C1F}.Debug|Any CPU.ActiveCfg = Debug|Any CPU
		{1E27C83F-3335-47A4-80B7-AD2FF5966C1F}.Debug|Any CPU.Build.0 = Debug|Any CPU
		{1E27C83F-3335-47A4-80B7-AD2FF5966C1F}.Release|Any CPU.ActiveCfg = Release|Any CPU
		{1E27C83F-3335-47A4-80B7-AD2FF5966C1F}.Release|Any CPU.Build.0 = Release|Any CPU
		{AC887B33-BA10-46AB-A2ED-3FB63DDCC30D}.Debug|Any CPU.ActiveCfg = Debug|Any CPU
		{AC887B33-BA10-46AB-A2ED-3FB63DDCC30D}.Debug|Any CPU.Build.0 = Debug|Any CPU
		{AC887B33-BA10-46AB-A2ED-3FB63DDCC30D}.Release|Any CPU.ActiveCfg = Release|Any CPU
		{AC887B33-BA10-46AB-A2ED-3FB63DDCC30D}.Release|Any CPU.Build.0 = Release|Any CPU
	EndGlobalSection
	GlobalSection(SolutionProperties) = preSolution
		HideSolutionNode = FALSE
	EndGlobalSection
EndGlobal
